{
    "_meta": {
        "hash": {
            "sha256": "50885f97ce5693bebe512cf9d92e6e819b29afe1e98794482b4996b7e15c39d5"
        },
        "pipfile-spec": 6,
        "requires": {
            "python_version": "3.8"
        },
        "sources": [
            {
                "name": "pypi",
                "url": "https://pypi.org/simple",
                "verify_ssl": true
            }
        ]
    },
    "default": {
        "asgiref": {
            "hashes": [
                "sha256:71e68008da809b957b7ee4b43dbccff33d1b23519fb8344e33f049897077afac",
                "sha256:9567dfe7bd8d3c8c892227827c41cce860b368104c3431da67a0c5a65a949506"
            ],
            "markers": "python_version >= '3.7'",
            "version": "==3.6.0"
        },
        "django": {
            "hashes": [
                "sha256:4b214a05fe4c99476e99e2445c8b978c8369c18d4dea8e22ec412862715ad763",
                "sha256:ff56ebd7ead0fd5dbe06fe157b0024a7aaea2e0593bb3785fb594cf94dad58ef"
            ],
            "index": "pypi",
            "version": "==4.1.5"
        },
        "django-bootstrap5": {
            "hashes": [
                "sha256:5d677bbfb94207c1a034d63a5f39d95ce287ef509e0b31dfb4d233cc81f93bcc",
                "sha256:e944f5ced342e0e16cde77e1ddacb4b9fd5bce4cc190df2f7da0b8e18a24c9cb"
            ],
            "index": "pypi",
            "version": "==22.2"
        },
        "django-debug-toolbar": {
            "hashes": [
                "sha256:24ef1a7d44d25e60d7951e378454c6509bf536dce7e7d9d36e7c387db499bc27",
                "sha256:879f8a4672d41621c06a4d322dcffa630fc4df056cada6e417ed01db0e5e0478"
            ],
            "index": "pypi",
            "version": "==3.8.1"
        },
        "django-pygments-renderer": {
            "hashes": [
                "sha256:b5548e94ea13271b87d2425768ec76f8062ea62032191999dbbe227a72cc1259",
                "sha256:de503a87162e6bd0241fe164018108c484ff7a904ecb5759087c31f91541c3b6"
            ],
            "index": "pypi",
            "version": "==0.0.1"
        },
        "django-taggit": {
            "hashes": [
                "sha256:543218ac346fbe02a65733e0341c91b57a3e0f7a41568966b26f1cea9edc4805",
                "sha256:c8f2e4eae387939089b3d75d1d8649e008880970c068ce9d0e82f87fd5e29508"
            ],
            "index": "pypi",
            "version": "==3.1.0"
        },
        "pygments": {
            "hashes": [
                "sha256:b3ed06a9e8ac9a9aae5a6f5dbe78a8a58655d17b43b93c078f094ddc476ae297",
                "sha256:fa7bd7bd2771287c0de303af8bfdfc731f51bd2c6a47ab69d117138893b82717"
            ],
            "markers": "python_version >= '3.6'",
            "version": "==2.14.0"
        },
        "sqlparse": {
            "hashes": [
                "sha256:0323c0ec29cd52bceabc1b4d9d579e311f3e4961b98d174201d5622a23b85e34",
                "sha256:69ca804846bb114d2ec380e4360a8a340db83f0ccf3afceeb1404df028f57268"
            ],
            "markers": "python_version >= '3.5'",
            "version": "==0.4.3"
        }
    },
    "develop": {}
}
